
Microsoft Visual Studio Solution File, Format Version 12.00
# Visual Studio Version 17
VisualStudioVersion = 17.1.32228.430
MinimumVisualStudioVersion = 10.0.40219.1
Project("{FAE04EC0-301F-11D3-BF4B-00C04F79EFBC}") = "Watermark Empower", "Watermark Empower\Watermark Empower.csproj", "{A0477A61-FF41-40EA-9BA8-0971AE9CC93B}"
EndProject
Project("{FAE04EC0-301F-11D3-BF4B-00C04F79EFBC}") = "RandomWatermark1", "RandomWatermark1\RandomWatermark1.csproj", "{DFD45A62-FBC7-4651-8297-E0E026F3553D}"
EndProject
Project("{FAE04EC0-301F-11D3-BF4B-00C04F79EFBC}") = "MethodsLibrary", "GeneratorPattern1\MethodsLibrary.csproj", "{23877789-13AD-43AE-A4B9-7591D1423FC2}"
EndProject
Global
	GlobalSection(SolutionConfigurationPlatforms) = preSolution
		Debug|Any CPU = Debug|Any CPU
		Release|Any CPU = Release|Any CPU
	EndGlobalSection
	GlobalSection(ProjectConfigurationPlatforms) = postSolution
		{A0477A61-FF41-40EA-9BA8-0971AE9CC93B}.Debug|Any CPU.ActiveCfg = Debug|Any CPU
		{A0477A61-FF41-40EA-9BA8-0971AE9CC93B}.Debug|Any CPU.Build.0 = Debug|Any CPU
		{A0477A61-FF41-40EA-9BA8-0971AE9CC93B}.Release|Any CPU.ActiveCfg = Release|Any CPU
		{A0477A61-FF41-40EA-9BA8-0971AE9CC93B}.Release|Any CPU.Build.0 = Release|Any CPU
		{DFD45A62-FBC7-4651-8297-E0E026F3553D}.Debug|Any CPU.ActiveCfg = Debug|Any CPU
		{DFD45A62-FBC7-4651-8297-E0E026F3553D}.Debug|Any CPU.Build.0 = Debug|Any CPU
		{DFD45A62-FBC7-4651-8297-E0E026F3553D}.Release|Any CPU.ActiveCfg = Release|Any CPU
		{DFD45A62-FBC7-4651-8297-E0E026F3553D}.Release|Any CPU.Build.0 = Release|Any CPU
		{23877789-13AD-43AE-A4B9-7591D1423FC2}.Debug|Any CPU.ActiveCfg = Debug|Any CPU
		{23877789-13AD-43AE-A4B9-7591D1423FC2}.Debug|Any CPU.Build.0 = Debug|Any CPU
		{23877789-13AD-43AE-A4B9-7591D1423FC2}.Release|Any CPU.ActiveCfg = Release|Any CPU
		{23877789-13AD-43AE-A4B9-7591D1423FC2}.Release|Any CPU.Build.0 = Release|Any CPU
	EndGlobalSection
	GlobalSection(SolutionProperties) = preSolution
		HideSolutionNode = FALSE
	EndGlobalSection
	GlobalSection(ExtensibilityGlobals) = postSolution
		SolutionGuid = {D5C915DF-450B-4548-850A-13696C8DC3FA}
	EndGlobalSection
EndGlobal
